
Microsoft Visual Studio Solution File, Format Version 12.00
# Visual Studio 2012
Project("{FAE04EC0-301F-11D3-BF4B-00C04F79EFBC}") = "PlaybackCapturePOC", "PlaybackCapturePOC\PlaybackCapturePOC.csproj", "{7DFD4C00-570A-4956-A6F0-0BAE96D3670E}"
EndProject
Global
	GlobalSection(SolutionConfigurationPlatforms) = preSolution
		Debug|Any CPU = Debug|Any CPU
		Release|Any CPU = Release|Any CPU
	EndGlobalSection
	GlobalSection(ProjectConfigurationPlatforms) = postSolution
		{7DFD4C00-570A-4956-A6F0-0BAE96D3670E}.Debug|Any CPU.ActiveCfg = Debug|Any CPU
		{7DFD4C00-570A-4956-A6F0-0BAE96D3670E}.Debug|Any CPU.Build.0 = Debug|Any CPU
		{7DFD4C00-570A-4956-A6F0-0BAE96D3670E}.Release|Any CPU.ActiveCfg = Release|Any CPU
		{7DFD4C00-570A-4956-A6F0-0BAE96D3670E}.Release|Any CPU.Build.0 = Release|Any CPU
	EndGlobalSection
	GlobalSection(SolutionProperties) = preSolution
		HideSolutionNode = FALSE
	EndGlobalSection
EndGlobal
